
Microsoft Visual Studio Solution File, Format Version 11.00
# Visual Studio 2010
Project("{54435603-DBB4-11D2-8724-00A0C9A8B90C}") = "tabletReader", "tabletReader\tabletReader.vdproj", "{66B912A9-43DF-45B5-A6C5-A0B0901D88FE}"
EndProject
Global
	GlobalSection(SolutionConfigurationPlatforms) = preSolution
		Debug|Default = Debug|Default
		Release|Default = Release|Default
	EndGlobalSection
	GlobalSection(ProjectConfigurationPlatforms) = postSolution
		{66B912A9-43DF-45B5-A6C5-A0B0901D88FE}.Debug|Default.ActiveCfg = Debug
		{66B912A9-43DF-45B5-A6C5-A0B0901D88FE}.Debug|Default.Build.0 = Debug
		{66B912A9-43DF-45B5-A6C5-A0B0901D88FE}.Release|Default.ActiveCfg = Release
		{66B912A9-43DF-45B5-A6C5-A0B0901D88FE}.Release|Default.Build.0 = Release
	EndGlobalSection
	GlobalSection(SolutionProperties) = preSolution
		HideSolutionNode = FALSE
	EndGlobalSection
EndGlobal
